
Microsoft Visual Studio Solution File, Format Version 9.00
# Visual Studio 2005
Project("{2150E333-8FDC-42A3-9474-1A3956D46DE8}") = "Source Code", "Source Code", "{10715C03-28BF-4985-B1E6-EB0AD43A0C2A}"
EndProject
Project("{2150E333-8FDC-42A3-9474-1A3956D46DE8}") = "Test Code", "Test Code", "{2DE0AAB7-5CE1-4F63-9B26-37FF0D726F6A}"
EndProject
Project("{FAE04EC0-301F-11D3-BF4B-00C04F79EFBC}") = "SocketTest", "Test Code\SocketTest\SocketTest.csproj", "{1D925279-E2C5-4CBD-8F28-F90F2C3FC637}"
EndProject
Project("{FAE04EC0-301F-11D3-BF4B-00C04F79EFBC}") = "PacketTest", "Test Code\PacketTest\PacketTest.csproj", "{B682B1AE-FF4A-4CD6-99A3-BD7754BC8736}"
EndProject
Project("{FAE04EC0-301F-11D3-BF4B-00C04F79EFBC}") = "System.DataCenter", "Source Code\System.DataCenter\System.DataCenter.csproj", "{995F992D-F7CD-40AC-921C-1EE1AB49660F}"
	ProjectSection(ProjectDependencies) = postProject
		{D162E081-CA0C-417D-86FA-D305A4B61058} = {D162E081-CA0C-417D-86FA-D305A4B61058}
	EndProjectSection
EndProject
Project("{FAE04EC0-301F-11D3-BF4B-00C04F79EFBC}") = "SMSCore", "Source Code\SMSCore\SMSCore.csproj", "{D8EC6E89-C3C3-4F88-BB6D-CA0A09FB4B2E}"
EndProject
Project("{FAE04EC0-301F-11D3-BF4B-00C04F79EFBC}") = "System.NotesCore", "Source Code\System.NotesCore\System.NotesCore.csproj", "{DE6D2ECB-1650-484F-812A-A0321F54DB18}"
EndProject
Project("{FAE04EC0-301F-11D3-BF4B-00C04F79EFBC}") = "Windows.Network", "Source Code\Windows.Network\Windows.Network.csproj", "{E0861196-6FB1-4EA5-988C-2F6665A8B9C1}"
EndProject
Project("{FAE04EC0-301F-11D3-BF4B-00C04F79EFBC}") = "System.Define", "Source Code\System.Define\System.Define.csproj", "{CDFF9AFD-17BB-4368-BECA-016FDE2E6182}"
EndProject
Project("{FAE04EC0-301F-11D3-BF4B-00C04F79EFBC}") = "System.Global", "Source Code\System.Global\System.Global.csproj", "{B1C9898E-06D2-410F-8678-C9EBBC126EE2}"
EndProject
Project("{FAE04EC0-301F-11D3-BF4B-00C04F79EFBC}") = "System.PlugIns", "Source Code\System.PlugIns\System.PlugIns.csproj", "{66CD4CD0-258D-45B0-B846-88AFD2C9B26F}"
EndProject
Project("{FAE04EC0-301F-11D3-BF4B-00C04F79EFBC}") = "Windows.Service", "Source Code\Windows.Service\Windows.Service.csproj", "{B96255D2-ADBD-4F39-96F7-FB882228C7BA}"
EndProject
Project("{FAE04EC0-301F-11D3-BF4B-00C04F79EFBC}") = "System.DataPacket", "Source Code\System.DataPacket\System.DataPacket.csproj", "{D162E081-CA0C-417D-86FA-D305A4B61058}"
EndProject
Global
	GlobalSection(SolutionConfigurationPlatforms) = preSolution
		Debug|Any CPU = Debug|Any CPU
		Release|Any CPU = Release|Any CPU
	EndGlobalSection
	GlobalSection(ProjectConfigurationPlatforms) = postSolution
		{1D925279-E2C5-4CBD-8F28-F90F2C3FC637}.Debug|Any CPU.ActiveCfg = Debug|Any CPU
		{1D925279-E2C5-4CBD-8F28-F90F2C3FC637}.Debug|Any CPU.Build.0 = Debug|Any CPU
		{1D925279-E2C5-4CBD-8F28-F90F2C3FC637}.Release|Any CPU.ActiveCfg = Release|Any CPU
		{1D925279-E2C5-4CBD-8F28-F90F2C3FC637}.Release|Any CPU.Build.0 = Release|Any CPU
		{B682B1AE-FF4A-4CD6-99A3-BD7754BC8736}.Debug|Any CPU.ActiveCfg = Debug|Any CPU
		{B682B1AE-FF4A-4CD6-99A3-BD7754BC8736}.Debug|Any CPU.Build.0 = Debug|Any CPU
		{B682B1AE-FF4A-4CD6-99A3-BD7754BC8736}.Release|Any CPU.ActiveCfg = Release|Any CPU
		{B682B1AE-FF4A-4CD6-99A3-BD7754BC8736}.Release|Any CPU.Build.0 = Release|Any CPU
		{995F992D-F7CD-40AC-921C-1EE1AB49660F}.Debug|Any CPU.ActiveCfg = Debug|Any CPU
		{995F992D-F7CD-40AC-921C-1EE1AB49660F}.Debug|Any CPU.Build.0 = Debug|Any CPU
		{995F992D-F7CD-40AC-921C-1EE1AB49660F}.Release|Any CPU.ActiveCfg = Release|Any CPU
		{995F992D-F7CD-40AC-921C-1EE1AB49660F}.Release|Any CPU.Build.0 = Release|Any CPU
		{D8EC6E89-C3C3-4F88-BB6D-CA0A09FB4B2E}.Debug|Any CPU.ActiveCfg = Debug|Any CPU
		{D8EC6E89-C3C3-4F88-BB6D-CA0A09FB4B2E}.Debug|Any CPU.Build.0 = Debug|Any CPU
		{D8EC6E89-C3C3-4F88-BB6D-CA0A09FB4B2E}.Release|Any CPU.ActiveCfg = Release|Any CPU
		{D8EC6E89-C3C3-4F88-BB6D-CA0A09FB4B2E}.Release|Any CPU.Build.0 = Release|Any CPU
		{DE6D2ECB-1650-484F-812A-A0321F54DB18}.Debug|Any CPU.ActiveCfg = Debug|Any CPU
		{DE6D2ECB-1650-484F-812A-A0321F54DB18}.Debug|Any CPU.Build.0 = Debug|Any CPU
		{DE6D2ECB-1650-484F-812A-A0321F54DB18}.Release|Any CPU.ActiveCfg = Release|Any CPU
		{DE6D2ECB-1650-484F-812A-A0321F54DB18}.Release|Any CPU.Build.0 = Release|Any CPU
		{E0861196-6FB1-4EA5-988C-2F6665A8B9C1}.Debug|Any CPU.ActiveCfg = Debug|Any CPU
		{E0861196-6FB1-4EA5-988C-2F6665A8B9C1}.Debug|Any CPU.Build.0 = Debug|Any CPU
		{E0861196-6FB1-4EA5-988C-2F6665A8B9C1}.Release|Any CPU.ActiveCfg = Release|Any CPU
		{E0861196-6FB1-4EA5-988C-2F6665A8B9C1}.Release|Any CPU.Build.0 = Release|Any CPU
		{CDFF9AFD-17BB-4368-BECA-016FDE2E6182}.Debug|Any CPU.ActiveCfg = Debug|Any CPU
		{CDFF9AFD-17BB-4368-BECA-016FDE2E6182}.Debug|Any CPU.Build.0 = Debug|Any CPU
		{CDFF9AFD-17BB-4368-BECA-016FDE2E6182}.Release|Any CPU.ActiveCfg = Release|Any CPU
		{CDFF9AFD-17BB-4368-BECA-016FDE2E6182}.Release|Any CPU.Build.0 = Release|Any CPU
		{B1C9898E-06D2-410F-8678-C9EBBC126EE2}.Debug|Any CPU.ActiveCfg = Debug|Any CPU
		{B1C9898E-06D2-410F-8678-C9EBBC126EE2}.Debug|Any CPU.Build.0 = Debug|Any CPU
		{B1C9898E-06D2-410F-8678-C9EBBC126EE2}.Release|Any CPU.ActiveCfg = Release|Any CPU
		{B1C9898E-06D2-410F-8678-C9EBBC126EE2}.Release|Any CPU.Build.0 = Release|Any CPU
		{66CD4CD0-258D-45B0-B846-88AFD2C9B26F}.Debug|Any CPU.ActiveCfg = Debug|Any CPU
		{66CD4CD0-258D-45B0-B846-88AFD2C9B26F}.Debug|Any CPU.Build.0 = Debug|Any CPU
		{66CD4CD0-258D-45B0-B846-88AFD2C9B26F}.Release|Any CPU.ActiveCfg = Release|Any CPU
		{66CD4CD0-258D-45B0-B846-88AFD2C9B26F}.Release|Any CPU.Build.0 = Release|Any CPU
		{B96255D2-ADBD-4F39-96F7-FB882228C7BA}.Debug|Any CPU.ActiveCfg = Debug|Any CPU
		{B96255D2-ADBD-4F39-96F7-FB882228C7BA}.Debug|Any CPU.Build.0 = Debug|Any CPU
		{B96255D2-ADBD-4F39-96F7-FB882228C7BA}.Release|Any CPU.ActiveCfg = Release|Any CPU
		{B96255D2-ADBD-4F39-96F7-FB882228C7BA}.Release|Any CPU.Build.0 = Release|Any CPU
		{D162E081-CA0C-417D-86FA-D305A4B61058}.Debug|Any CPU.ActiveCfg = Debug|Any CPU
		{D162E081-CA0C-417D-86FA-D305A4B61058}.Debug|Any CPU.Build.0 = Debug|Any CPU
		{D162E081-CA0C-417D-86FA-D305A4B61058}.Release|Any CPU.ActiveCfg = Release|Any CPU
		{D162E081-CA0C-417D-86FA-D305A4B61058}.Release|Any CPU.Build.0 = Release|Any CPU
	EndGlobalSection
	GlobalSection(SolutionProperties) = preSolution
		HideSolutionNode = FALSE
	EndGlobalSection
	GlobalSection(NestedProjects) = preSolution
		{995F992D-F7CD-40AC-921C-1EE1AB49660F} = {10715C03-28BF-4985-B1E6-EB0AD43A0C2A}
		{D8EC6E89-C3C3-4F88-BB6D-CA0A09FB4B2E} = {10715C03-28BF-4985-B1E6-EB0AD43A0C2A}
		{DE6D2ECB-1650-484F-812A-A0321F54DB18} = {10715C03-28BF-4985-B1E6-EB0AD43A0C2A}
		{E0861196-6FB1-4EA5-988C-2F6665A8B9C1} = {10715C03-28BF-4985-B1E6-EB0AD43A0C2A}
		{CDFF9AFD-17BB-4368-BECA-016FDE2E6182} = {10715C03-28BF-4985-B1E6-EB0AD43A0C2A}
		{B1C9898E-06D2-410F-8678-C9EBBC126EE2} = {10715C03-28BF-4985-B1E6-EB0AD43A0C2A}
		{66CD4CD0-258D-45B0-B846-88AFD2C9B26F} = {10715C03-28BF-4985-B1E6-EB0AD43A0C2A}
		{B96255D2-ADBD-4F39-96F7-FB882228C7BA} = {10715C03-28BF-4985-B1E6-EB0AD43A0C2A}
		{D162E081-CA0C-417D-86FA-D305A4B61058} = {10715C03-28BF-4985-B1E6-EB0AD43A0C2A}
		{1D925279-E2C5-4CBD-8F28-F90F2C3FC637} = {2DE0AAB7-5CE1-4F63-9B26-37FF0D726F6A}
		{B682B1AE-FF4A-4CD6-99A3-BD7754BC8736} = {2DE0AAB7-5CE1-4F63-9B26-37FF0D726F6A}
	EndGlobalSection
EndGlobal
